// !$*UTF8*$!
{
	archiveVersion = 1;
	classes = {
	};
	objectVersion = 55;
	objects = {

/* Begin PBXBuildFile section */
		A6C23EE3271133AE002D0E92 /* HoneymoonApp.swift in Sources */ = {isa = PBXBuildFile; fileRef = A6C23EE2271133AE002D0E92 /* HoneymoonApp.swift */; };
		A6C23EE5271133AE002D0E92 /* ContentView.swift in Sources */ = {isa = PBXBuildFile; fileRef = A6C23EE4271133AE002D0E92 /* ContentView.swift */; };
		A6C23EE7271133B0002D0E92 /* Assets.xcassets in Resources */ = {isa = PBXBuildFile; fileRef = A6C23EE6271133B0002D0E92 /* Assets.xcassets */; };
		A6C23EEA271133B0002D0E92 /* Preview Assets.xcassets in Resources */ = {isa = PBXBuildFile; fileRef = A6C23EE9271133B0002D0E92 /* Preview Assets.xcassets */; };
		A6C23EF12711353D002D0E92 /* Sounds in Resources */ = {isa = PBXBuildFile; fileRef = A6C23EF02711353D002D0E92 /* Sounds */; };
		A6C23EF327113625002D0E92 /* HoneymoonModel.swift in Sources */ = {isa = PBXBuildFile; fileRef = A6C23EF227113625002D0E92 /* HoneymoonModel.swift */; };
		A6C23EF627113684002D0E92 /* HoneymoonData.swift in Sources */ = {isa = PBXBuildFile; fileRef = A6C23EF527113684002D0E92 /* HoneymoonData.swift */; };
		A6C23EFA27113725002D0E92 /* CardView.swift in Sources */ = {isa = PBXBuildFile; fileRef = A6C23EF927113725002D0E92 /* CardView.swift */; };
		A6C23EFC27113B6D002D0E92 /* HeaderView.swift in Sources */ = {isa = PBXBuildFile; fileRef = A6C23EFB27113B6D002D0E92 /* HeaderView.swift */; };
		A6C23EFE27113D8D002D0E92 /* FooterView.swift in Sources */ = {isa = PBXBuildFile; fileRef = A6C23EFD27113D8D002D0E92 /* FooterView.swift */; };
		A6C23F01271141FF002D0E92 /* HeaderComponent.swift in Sources */ = {isa = PBXBuildFile; fileRef = A6C23F00271141FF002D0E92 /* HeaderComponent.swift */; };
		A6C23F03271142D6002D0E92 /* GuideComponant.swift in Sources */ = {isa = PBXBuildFile; fileRef = A6C23F02271142D6002D0E92 /* GuideComponant.swift */; };
		A6C23F0527114A23002D0E92 /* GuideView.swift in Sources */ = {isa = PBXBuildFile; fileRef = A6C23F0427114A23002D0E92 /* GuideView.swift */; };
/* End PBXBuildFile section */

/* Begin PBXFileReference section */
		A6C23EDF271133AE002D0E92 /* Honeymoon.app */ = {isa = PBXFileReference; explicitFileType = wrapper.application; includeInIndex = 0; path = Honeymoon.app; sourceTree = BUILT_PRODUCTS_DIR; };
		A6C23EE2271133AE002D0E92 /* HoneymoonApp.swift */ = {isa = PBXFileReference; lastKnownFileType = sourcecode.swift; path = HoneymoonApp.swift; sourceTree = "<group>"; };
		A6C23EE4271133AE002D0E92 /* ContentView.swift */ = {isa = PBXFileReference; lastKnownFileType = sourcecode.swift; path = ContentView.swift; sourceTree = "<group>"; };
		A6C23EE6271133B0002D0E92 /* Assets.xcassets */ = {isa = PBXFileReference; lastKnownFileType = folder.assetcatalog; path = Assets.xcassets; sourceTree = "<group>"; };
		A6C23EE9271133B0002D0E92 /* Preview Assets.xcassets */ = {isa = PBXFileReference; lastKnownFileType = folder.assetcatalog; path = "Preview Assets.xcassets"; sourceTree = "<group>"; };
		A6C23EF02711353D002D0E92 /* Sounds */ = {isa = PBXFileReference; lastKnownFileType = folder; path = Sounds; sourceTree = "<group>"; };
		A6C23EF227113625002D0E92 /* HoneymoonModel.swift */ = {isa = PBXFileReference; lastKnownFileType = sourcecode.swift; path = HoneymoonModel.swift; sourceTree = "<group>"; };
		A6C23EF527113684002D0E92 /* HoneymoonData.swift */ = {isa = PBXFileReference; lastKnownFileType = sourcecode.swift; path = HoneymoonData.swift; sourceTree = "<group>"; };
		A6C23EF927113725002D0E92 /* CardView.swift */ = {isa = PBXFileReference; lastKnownFileType = sourcecode.swift; path = CardView.swift; sourceTree = "<group>"; };
		A6C23EFB27113B6D002D0E92 /* HeaderView.swift */ = {isa = PBXFileReference; lastKnownFileType = sourcecode.swift; path = HeaderView.swift; sourceTree = "<group>"; };
		A6C23EFD27113D8D002D0E92 /* FooterView.swift */ = {isa = PBXFileReference; lastKnownFileType = sourcecode.swift; path = FooterView.swift; sourceTree = "<group>"; };
		A6C23F00271141FF002D0E92 /* HeaderComponent.swift */ = {isa = PBXFileReference; lastKnownFileType = sourcecode.swift; path = HeaderComponent.swift; sourceTree = "<group>"; };
		A6C23F02271142D6002D0E92 /* GuideComponant.swift */ = {isa = PBXFileReference; lastKnownFileType = sourcecode.swift; path = GuideComponant.swift; sourceTree = "<group>"; };
		A6C23F0427114A23002D0E92 /* GuideView.swift */ = {isa = PBXFileReference; lastKnownFileType = sourcecode.swift; path = GuideView.swift; sourceTree = "<group>"; };
/* End PBXFileReference section */

/* Begin PBXFrameworksBuildPhase section */
		A6C23EDC271133AE002D0E92 /* Frameworks */ = {
			isa = PBXFrameworksBuildPhase;
			buildActionMask = 2147483647;
			files = (
			);
			runOnlyForDeploymentPostprocessing = 0;
		};
/* End PBXFrameworksBuildPhase section */

/* Begin PBXGroup section */
		A6C23ED6271133AE002D0E92 = {
			isa = PBXGroup;
			children = (
				A6C23EE1271133AE002D0E92 /* Honeymoon */,
				A6C23EE0271133AE002D0E92 /* Products */,
			);
			sourceTree = "<group>";
		};
		A6C23EE0271133AE002D0E92 /* Products */ = {
			isa = PBXGroup;
			children = (
				A6C23EDF271133AE002D0E92 /* Honeymoon.app */,
			);
			name = Products;
			sourceTree = "<group>";
		};
		A6C23EE1271133AE002D0E92 /* Honeymoon */ = {
			isa = PBXGroup;
			children = (
				A6C23EE2271133AE002D0E92 /* HoneymoonApp.swift */,
				A6C23EF8271136F9002D0E92 /* View */,
				A6C23EFF271141DE002D0E92 /* Component */,
				A6C23EF727113689002D0E92 /* Data */,
				A6C23EF42711362F002D0E92 /* Model */,
				A6C23EE6271133B0002D0E92 /* Assets.xcassets */,
				A6C23EF02711353D002D0E92 /* Sounds */,
				A6C23EE8271133B0002D0E92 /* Preview Content */,
			);
			path = Honeymoon;
			sourceTree = "<group>";
		};
		A6C23EE8271133B0002D0E92 /* Preview Content */ = {
			isa = PBXGroup;
			children = (
				A6C23EE9271133B0002D0E92 /* Preview Assets.xcassets */,
			);
			path = "Preview Content";
			sourceTree = "<group>";
		};
		A6C23EF42711362F002D0E92 /* Model */ = {
			isa = PBXGroup;
			children = (
				A6C23EF227113625002D0E92 /* HoneymoonModel.swift */,
			);
			path = Model;
			sourceTree = "<group>";
		};
		A6C23EF727113689002D0E92 /* Data */ = {
			isa = PBXGroup;
			children = (
				A6C23EF527113684002D0E92 /* HoneymoonData.swift */,
			);
			path = Data;
			sourceTree = "<group>";
		};
		A6C23EF8271136F9002D0E92 /* View */ = {
			isa = PBXGroup;
			children = (
				A6C23EE4271133AE002D0E92 /* ContentView.swift */,
				A6C23EF927113725002D0E92 /* CardView.swift */,
				A6C23EFB27113B6D002D0E92 /* HeaderView.swift */,
				A6C23EFD27113D8D002D0E92 /* FooterView.swift */,
				A6C23F0427114A23002D0E92 /* GuideView.swift */,
			);
			path = View;
			sourceTree = "<group>";
		};
		A6C23EFF271141DE002D0E92 /* Component */ = {
			isa = PBXGroup;
			children = (
				A6C23F00271141FF002D0E92 /* HeaderComponent.swift */,
				A6C23F02271142D6002D0E92 /* GuideComponant.swift */,
			);
			path = Component;
			sourceTree = "<group>";
		};
/* End PBXGroup section */

/* Begin PBXNativeTarget section */
		A6C23EDE271133AE002D0E92 /* Honeymoon */ = {
			isa = PBXNativeTarget;
			buildConfigurationList = A6C23EED271133B0002D0E92 /* Build configuration list for PBXNativeTarget "Honeymoon" */;
			buildPhases = (
				A6C23EDB271133AE002D0E92 /* Sources */,
				A6C23EDC271133AE002D0E92 /* Frameworks */,
				A6C23EDD271133AE002D0E92 /* Resources */,
			);
			buildRules = (
			);
			dependencies = (
			);
			name = Honeymoon;
			productName = Honeymoon;
			productReference = A6C23EDF271133AE002D0E92 /* Honeymoon.app */;
			productType = "com.apple.product-type.application";
		};
/* End PBXNativeTarget section */

/* Begin PBXProject section */
		A6C23ED7271133AE002D0E92 /* Project object */ = {
			isa = PBXProject;
			attributes = {
				BuildIndependentTargetsInParallel = 1;
				LastSwiftUpdateCheck = 1300;
				LastUpgradeCheck = 1300;
				TargetAttributes = {
					A6C23EDE271133AE002D0E92 = {
						CreatedOnToolsVersion = 13.0;
					};
				};
			};
			buildConfigurationList = A6C23EDA271133AE002D0E92 /* Build configuration list for PBXProject "Honeymoon" */;
			compatibilityVersion = "Xcode 13.0";
			developmentRegion = en;
			hasScannedForEncodings = 0;
			knownRegions = (
				en,
				Base,
			);
			mainGroup = A6C23ED6271133AE002D0E92;
			productRefGroup = A6C23EE0271133AE002D0E92 /* Products */;
			projectDirPath = "";
			projectRoot = "";
			targets = (
				A6C23EDE271133AE002D0E92 /* Honeymoon */,
			);
		};
/* End PBXProject section */

/* Begin PBXResourcesBuildPhase section */
		A6C23EDD271133AE002D0E92 /* Resources */ = {
			isa = PBXResourcesBuildPhase;
			buildActionMask = 2147483647;
			files = (
				A6C23EF12711353D002D0E92 /* Sounds in Resources */,
				A6C23EEA271133B0002D0E92 /* Preview Assets.xcassets in Resources */,
				A6C23EE7271133B0002D0E92 /* Assets.xcassets in Resources */,
			);
			runOnlyForDeploymentPostprocessing = 0;
		};
/* End PBXResourcesBuildPhase section */

/* Begin PBXSourcesBuildPhase section */
		A6C23EDB271133AE002D0E92 /* Sources */ = {
			isa = PBXSourcesBuildPhase;
			buildActionMask = 2147483647;
			files = (
				A6C23EF627113684002D0E92 /* HoneymoonData.swift in Sources */,
				A6C23EFE27113D8D002D0E92 /* FooterView.swift in Sources */,
				A6C23EFC27113B6D002D0E92 /* HeaderView.swift in Sources */,
				A6C23EF327113625002D0E92 /* HoneymoonModel.swift in Sources */,
				A6C23F01271141FF002D0E92 /* HeaderComponent.swift in Sources */,
				A6C23EE5271133AE002D0E92 /* ContentView.swift in Sources */,
				A6C23F03271142D6002D0E92 /* GuideComponant.swift in Sources */,
				A6C23EE3271133AE002D0E92 /* HoneymoonApp.swift in Sources */,
				A6C23EFA27113725002D0E92 /* CardView.swift in Sources */,
				A6C23F0527114A23002D0E92 /* GuideView.swift in Sources */,
			);
			runOnlyForDeploymentPostprocessing = 0;
		};
/* End PBXSourcesBuildPhase section */

/* Begin XCBuildConfiguration section */
		A6C23EEB271133B0002D0E92 /* Debug */ = {
			isa = XCBuildConfiguration;
			buildSettings = {
				ALWAYS_SEARCH_USER_PATHS = NO;
				CLANG_ANALYZER_NONNULL = YES;
				CLANG_ANALYZER_NUMBER_OBJECT_CONVERSION = YES_AGGRESSIVE;
				CLANG_CXX_LANGUAGE_STANDARD = "gnu++17";
				CLANG_CXX_LIBRARY = "libc++";
				CLANG_ENABLE_MODULES = YES;
				CLANG_ENABLE_OBJC_ARC = YES;
				CLANG_ENABLE_OBJC_WEAK = YES;
				CLANG_WARN_BLOCK_CAPTURE_AUTORELEASING = YES;
				CLANG_WARN_BOOL_CONVERSION = YES;
				CLANG_WARN_COMMA = YES;
				CLANG_WARN_CONSTANT_CONVERSION = YES;
				CLANG_WARN_DEPRECATED_OBJC_IMPLEMENTATIONS = YES;
				CLANG_WARN_DIRECT_OBJC_ISA_USAGE = YES_ERROR;
				CLANG_WARN_DOCUMENTATION_COMMENTS = YES;
				CLANG_WARN_EMPTY_BODY = YES;
				CLANG_WARN_ENUM_CONVERSION = YES;
				CLANG_WARN_INFINITE_RECURSION = YES;
				CLANG_WARN_INT_CONVERSION = YES;
				CLANG_WARN_NON_LITERAL_NULL_CONVERSION = YES;
				CLANG_WARN_OBJC_IMPLICIT_RETAIN_SELF = YES;
				CLANG_WARN_OBJC_LITERAL_CONVERSION = YES;
				CLANG_WARN_OBJC_ROOT_CLASS = YES_ERROR;
				CLANG_WARN_QUOTED_INCLUDE_IN_FRAMEWORK_HEADER = YES;
				CLANG_WARN_RANGE_LOOP_ANALYSIS = YES;
				CLANG_WARN_STRICT_PROTOTYPES = YES;
				CLANG_WARN_SUSPICIOUS_MOVE = YES;
				CLANG_WARN_UNGUARDED_AVAILABILITY = YES_AGGRESSIVE;
				CLANG_WARN_UNREACHABLE_CODE = YES;
				CLANG_WARN__DUPLICATE_METHOD_MATCH = YES;
				COPY_PHASE_STRIP = NO;
				DEBUG_INFORMATION_FORMAT = dwarf;
				ENABLE_STRICT_OBJC_MSGSEND = YES;
				ENABLE_TESTABILITY = YES;
				GCC_C_LANGUAGE_STANDARD = gnu11;
				GCC_DYNAMIC_NO_PIC = NO;
				GCC_NO_COMMON_BLOCKS = YES;
				GCC_OPTIMIZATION_LEVEL = 0;
				GCC_PREPROCESSOR_DEFINITIONS = (
					"DEBUG=1",
					"$(inherited)",
				);
				GCC_WARN_64_TO_32_BIT_CONVERSION = YES;
				GCC_WARN_ABOUT_RETURN_TYPE = YES_ERROR;
				GCC_WARN_UNDECLARED_SELECTOR = YES;
				GCC_WARN_UNINITIALIZED_AUTOS = YES_AGGRESSIVE;
				GCC_WARN_UNUSED_FUNCTION = YES;
				GCC_WARN_UNUSED_VARIABLE = YES;
				IPHONEOS_DEPLOYMENT_TARGET = 15.0;
				MTL_ENABLE_DEBUG_INFO = INCLUDE_SOURCE;
				MTL_FAST_MATH = YES;
				ONLY_ACTIVE_ARCH = YES;
				SDKROOT = iphoneos;
				SWIFT_ACTIVE_COMPILATION_CONDITIONS = DEBUG;
				SWIFT_OPTIMIZATION_LEVEL = "-Onone";
			};
			name = Debug;
		};
		A6C23EEC271133B0002D0E92 /* Release */ = {
			isa = XCBuildConfiguration;
			buildSettings = {
				ALWAYS_SEARCH_USER_PATHS = NO;
				CLANG_ANALYZER_NONNULL = YES;
				CLANG_ANALYZER_NUMBER_OBJECT_CONVERSION = YES_AGGRESSIVE;
				CLANG_CXX_LANGUAGE_STANDARD = "gnu++17";
				CLANG_CXX_LIBRARY = "libc++";
				CLANG_ENABLE_MODULES = YES;
				CLANG_ENABLE_OBJC_ARC = YES;
				CLANG_ENABLE_OBJC_WEAK = YES;
				CLANG_WARN_BLOCK_CAPTURE_AUTORELEASING = YES;
				CLANG_WARN_BOOL_CONVERSION = YES;
				CLANG_WARN_COMMA = YES;
				CLANG_WARN_CONSTANT_CONVERSION = YES;
				CLANG_WARN_DEPRECATED_OBJC_IMPLEMENTATIONS = YES;
				CLANG_WARN_DIRECT_OBJC_ISA_USAGE = YES_ERROR;
				CLANG_WARN_DOCUMENTATION_COMMENTS = YES;
				CLANG_WARN_EMPTY_BODY = YES;
				CLANG_WARN_ENUM_CONVERSION = YES;
				CLANG_WARN_INFINITE_RECURSION = YES;
				CLANG_WARN_INT_CONVERSION = YES;
				CLANG_WARN_NON_LITERAL_NULL_CONVERSION = YES;
				CLANG_WARN_OBJC_IMPLICIT_RETAIN_SELF = YES;
				CLANG_WARN_OBJC_LITERAL_CONVERSION = YES;
				CLANG_WARN_OBJC_ROOT_CLASS = YES_ERROR;
				CLANG_WARN_QUOTED_INCLUDE_IN_FRAMEWORK_HEADER = YES;
				CLANG_WARN_RANGE_LOOP_ANALYSIS = YES;
				CLANG_WARN_STRICT_PROTOTYPES = YES;
				CLANG_WARN_SUSPICIOUS_MOVE = YES;
				CLANG_WARN_UNGUARDED_AVAILABILITY = YES_AGGRESSIVE;
				CLANG_WARN_UNREACHABLE_CODE = YES;
				CLANG_WARN__DUPLICATE_METHOD_MATCH = YES;
				COPY_PHASE_STRIP = NO;
				DEBUG_INFORMATION_FORMAT = "dwarf-with-dsym";
				ENABLE_NS_ASSERTIONS = NO;
				ENABLE_STRICT_OBJC_MSGSEND = YES;
				GCC_C_LANGUAGE_STANDARD = gnu11;
				GCC_NO_COMMON_BLOCKS = YES;
				GCC_WARN_64_TO_32_BIT_CONVERSION = YES;
				GCC_WARN_ABOUT_RETURN_TYPE = YES_ERROR;
				GCC_WARN_UNDECLARED_SELECTOR = YES;
				GCC_WARN_UNINITIALIZED_AUTOS = YES_AGGRESSIVE;
				GCC_WARN_UNUSED_FUNCTION = YES;
				GCC_WARN_UNUSED_VARIABLE = YES;
				IPHONEOS_DEPLOYMENT_TARGET = 15.0;
				MTL_ENABLE_DEBUG_INFO = NO;
				MTL_FAST_MATH = YES;
				SDKROOT = iphoneos;
				SWIFT_COMPILATION_MODE = wholemodule;
				SWIFT_OPTIMIZATION_LEVEL = "-O";
				VALIDATE_PRODUCT = YES;
			};
			name = Release;
		};
		A6C23EEE271133B0002D0E92 /* Debug */ = {
			isa = XCBuildConfiguration;
			buildSettings = {
				ASSETCATALOG_COMPILER_APPICON_NAME = AppIcon;
				ASSETCATALOG_COMPILER_GLOBAL_ACCENT_COLOR_NAME = AccentColor;
				CODE_SIGN_STYLE = Automatic;
				CURRENT_PROJECT_VERSION = 1;
				DEVELOPMENT_ASSET_PATHS = "\"Honeymoon/Preview Content\"";
				DEVELOPMENT_TEAM = 8P82DXK79N;
				ENABLE_PREVIEWS = YES;
				GENERATE_INFOPLIST_FILE = YES;
				INFOPLIST_KEY_UIApplicationSceneManifest_Generation = YES;
				INFOPLIST_KEY_UIApplicationSupportsIndirectInputEvents = YES;
				INFOPLIST_KEY_UILaunchScreen_Generation = YES;
				INFOPLIST_KEY_UISupportedInterfaceOrientations = UIInterfaceOrientationPortrait;
				INFOPLIST_KEY_UISupportedInterfaceOrientations_iPad = "UIInterfaceOrientationPortrait UIInterfaceOrientationPortraitUpsideDown UIInterfaceOrientationLandscapeLeft UIInterfaceOrientationLandscapeRight";
				INFOPLIST_KEY_UISupportedInterfaceOrientations_iPhone = "UIInterfaceOrientationPortrait UIInterfaceOrientationLandscapeLeft UIInterfaceOrientationLandscapeRight";
				IPHONEOS_DEPLOYMENT_TARGET = 14.0;
				LD_RUNPATH_SEARCH_PATHS = (
					"$(inherited)",
					"@executable_path/Frameworks",
				);
				MARKETING_VERSION = 1.0;
				PRODUCT_BUNDLE_IDENTIFIER = com.nicdeane.Honeymoon;
				PRODUCT_NAME = "$(TARGET_NAME)";
				SWIFT_EMIT_LOC_STRINGS = YES;
				SWIFT_VERSION = 5.0;
				TARGETED_DEVICE_FAMILY = "1,2";
			};
			name = Debug;
		};
		A6C23EEF271133B0002D0E92 /* Release */ = {
			isa = XCBuildConfiguration;
			buildSettings = {
				ASSETCATALOG_COMPILER_APPICON_NAME = AppIcon;
				ASSETCATALOG_COMPILER_GLOBAL_ACCENT_COLOR_NAME = AccentColor;
				CODE_SIGN_STYLE = Automatic;
				CURRENT_PROJECT_VERSION = 1;
				DEVELOPMENT_ASSET_PATHS = "\"Honeymoon/Preview Content\"";
				DEVELOPMENT_TEAM = 8P82DXK79N;
				ENABLE_PREVIEWS = YES;
				GENERATE_INFOPLIST_FILE = YES;
				INFOPLIST_KEY_UIApplicationSceneManifest_Generation = YES;
				INFOPLIST_KEY_UIApplicationSupportsIndirectInputEvents = YES;
				INFOPLIST_KEY_UILaunchScreen_Generation = YES;
				INFOPLIST_KEY_UISupportedInterfaceOrientations = UIInterfaceOrientationPortrait;
				INFOPLIST_KEY_UISupportedInterfaceOrientations_iPad = "UIInterfaceOrientationPortrait UIInterfaceOrientationPortraitUpsideDown UIInterfaceOrientationLandscapeLeft UIInterfaceOrientationLandscapeRight";
				INFOPLIST_KEY_UISupportedInterfaceOrientations_iPhone = "UIInterfaceOrientationPortrait UIInterfaceOrientationLandscapeLeft UIInterfaceOrientationLandscapeRight";
				IPHONEOS_DEPLOYMENT_TARGET = 14.0;
				LD_RUNPATH_SEARCH_PATHS = (
					"$(inherited)",
					"@executable_path/Frameworks",
				);
				MARKETING_VERSION = 1.0;
				PRODUCT_BUNDLE_IDENTIFIER = com.nicdeane.Honeymoon;
				PRODUCT_NAME = "$(TARGET_NAME)";
				SWIFT_EMIT_LOC_STRINGS = YES;
				SWIFT_VERSION = 5.0;
				TARGETED_DEVICE_FAMILY = "1,2";
			};
			name = Release;
		};
/* End XCBuildConfiguration section */

/* Begin XCConfigurationList section */
		A6C23EDA271133AE002D0E92 /* Build configuration list for PBXProject "Honeymoon" */ = {
			isa = XCConfigurationList;
			buildConfigurations = (
				A6C23EEB271133B0002D0E92 /* Debug */,
				A6C23EEC271133B0002D0E92 /* Release */,
			);
			defaultConfigurationIsVisible = 0;
			defaultConfigurationName = Release;
		};
		A6C23EED271133B0002D0E92 /* Build configuration list for PBXNativeTarget "Honeymoon" */ = {
			isa = XCConfigurationList;
			buildConfigurations = (
				A6C23EEE271133B0002D0E92 /* Debug */,
				A6C23EEF271133B0002D0E92 /* Release */,
			);
			defaultConfigurationIsVisible = 0;
			defaultConfigurationName = Release;
		};
/* End XCConfigurationList section */
	};
	rootObject = A6C23ED7271133AE002D0E92 /* Project object */;
}
